
Microsoft Visual Studio Solution File, Format Version 12.00
# Visual Studio Version 17
VisualStudioVersion = 17.5.33502.453
MinimumVisualStudioVersion = 10.0.40219.1
Project("{8BC9CEB8-8B4A-11D0-8D11-00A0C91BC942}") = "quicksort_3_170", "quicksort_3_170\quicksort_3_170.vcxproj", "{6804DBFF-C7D9-44D8-81B3-A993E9649000}"
EndProject
Global
	GlobalSection(SolutionConfigurationPlatforms) = preSolution
		Debug|x64 = Debug|x64
		Debug|x86 = Debug|x86
		Release|x64 = Release|x64
		Release|x86 = Release|x86
	EndGlobalSection
	GlobalSection(ProjectConfigurationPlatforms) = postSolution
		{6804DBFF-C7D9-44D8-81B3-A993E9649000}.Debug|x64.ActiveCfg = Debug|x64
		{6804DBFF-C7D9-44D8-81B3-A993E9649000}.Debug|x64.Build.0 = Debug|x64
		{6804DBFF-C7D9-44D8-81B3-A993E9649000}.Debug|x86.ActiveCfg = Debug|Win32
		{6804DBFF-C7D9-44D8-81B3-A993E9649000}.Debug|x86.Build.0 = Debug|Win32
		{6804DBFF-C7D9-44D8-81B3-A993E9649000}.Release|x64.ActiveCfg = Release|x64
		{6804DBFF-C7D9-44D8-81B3-A993E9649000}.Release|x64.Build.0 = Release|x64
		{6804DBFF-C7D9-44D8-81B3-A993E9649000}.Release|x86.ActiveCfg = Release|Win32
		{6804DBFF-C7D9-44D8-81B3-A993E9649000}.Release|x86.Build.0 = Release|Win32
	EndGlobalSection
	GlobalSection(SolutionProperties) = preSolution
		HideSolutionNode = FALSE
	EndGlobalSection
	GlobalSection(ExtensibilityGlobals) = postSolution
		SolutionGuid = {87BEC81E-8CB3-4DC5-A3DC-409BDFD9AE3D}
	EndGlobalSection
EndGlobal
